{
  "name": "component",
  "version": "0.0.0",
  "lockfileVersion": 1,
  "requires": true,
  "dependencies": {
    "router-h": {
      "version": "1.0.0",
      "resolved": "https://registry.npmjs.org/router-h/-/router-h-1.0.0.tgz",
      "integrity": "sha512-nkgPdCKQS/aSEWUcWkdShDmzZLVdHDSL7UHkdqtOtPUvRneJLpf8MrwTld/6i988cfcJ/s1P+nJh9+MmT24Y1w=="
    }
  }
}
