{
  "name": "spa-project",
  "version": "0.0.0",
  "lockfileVersion": 1,
  "requires": true,
  "dependencies": {
    "@jridgewell/sourcemap-codec": {
      "version": "1.4.15",
      "resolved": "https://registry.npmjs.org/@jridgewell/sourcemap-codec/-/sourcemap-codec-1.4.15.tgz",
      "integrity": "sha512-eF2rxCRulEKXHTRiDrDy6erMYWqNw4LPdQ8UQA4huuxaQsVeRPFl2oM8oDGxMFhJUWZf9McpLtJasDDZb/Bpeg==",
      "dev": true
    },
    "@rollup/plugin-replace": {
      "version": "5.0.2",
      "resolved": "https://registry.npmjs.org/@rollup/plugin-replace/-/plugin-replace-5.0.2.tgz",
      "integrity": "sha512-M9YXNekv/C/iHHK+cvORzfRYfPbq0RDD8r0G+bMiTXjNGKulPnCT9O3Ss46WfhI6ZOCgApOP7xAdmCQJ+U2LAA==",
      "dev": true,
      "requires": {
        "@rollup/pluginutils": "^5.0.1",
        "magic-string": "^0.27.0"
      }
    },
    "@rollup/pluginutils": {
      "version": "5.0.4",
      "resolved": "https://registry.npmjs.org/@rollup/pluginutils/-/pluginutils-5.0.4.tgz",
      "integrity": "sha512-0KJnIoRI8A+a1dqOYLxH8vBf8bphDmty5QvIm2hqm7oFCFYKCAZWWd2hXgMibaPsNDhI0AtpYfQZJG47pt/k4g==",
      "dev": true,
      "requires": {
        "@types/estree": "^1.0.0",
        "estree-walker": "^2.0.2",
        "picomatch": "^2.3.1"
      }
    },
    "@types/estree": {
      "version": "1.0.2",
      "resolved": "https://registry.npmjs.org/@types/estree/-/estree-1.0.2.tgz",
      "integrity": "sha512-VeiPZ9MMwXjO32/Xu7+OwflfmeoRwkE/qzndw42gGtgJwZopBnzy2gD//NN1+go1mADzkDcqf/KnFRSjTJ8xJA==",
      "dev": true
    },
    "dotenv": {
      "version": "16.3.1",
      "resolved": "https://registry.npmjs.org/dotenv/-/dotenv-16.3.1.tgz",
      "integrity": "sha512-IPzF4w4/Rd94bA9imS68tZBaYyBWSCE47V1RGuMrB94iyTOIEwRmVL2x/4An+6mETpLrKJ5hQkB8W4kFAadeIQ==",
      "dev": true
    },
    "estree-walker": {
      "version": "2.0.2",
      "resolved": "https://registry.npmjs.org/estree-walker/-/estree-walker-2.0.2.tgz",
      "integrity": "sha512-Rfkk/Mp/DL7JVje3u18FxFujQlTNR2q6QfMSMB7AvCBx91NGj/ba3kCfza0f6dVDbw7YlRf/nDrn7pQrCCyQ/w==",
      "dev": true
    },
    "magic-string": {
      "version": "0.27.0",
      "resolved": "https://registry.npmjs.org/magic-string/-/magic-string-0.27.0.tgz",
      "integrity": "sha512-8UnnX2PeRAPZuN12svgR9j7M1uWMovg/CEnIwIG0LFkXSJJe4PdfUGiTGl8V9bsBHFUtfVINcSyYxd7q+kx9fA==",
      "dev": true,
      "requires": {
        "@jridgewell/sourcemap-codec": "^1.4.13"
      }
    },
    "picomatch": {
      "version": "2.3.1",
      "resolved": "https://registry.npmjs.org/picomatch/-/picomatch-2.3.1.tgz",
      "integrity": "sha512-JU3teHTNjmE2VCGFzuY8EXzCDVwEqB2a8fsIvwaStHhAWJEeVd1o1QD80CU6+ZdEXXSLbSsuLwJjkCBWqRQUVA==",
      "dev": true
    },
    "rollup-plugin-dotenv": {
      "version": "0.5.0",
      "resolved": "https://registry.npmjs.org/rollup-plugin-dotenv/-/rollup-plugin-dotenv-0.5.0.tgz",
      "integrity": "sha512-M2gZqEZebtcKaA7OBdO4UF3WmkI02wVD6UVwoxFlRKoq4/n1Q9Cw6UV8dPvVZYpGQ+ug2JPoogrCLaydIKU96A==",
      "dev": true,
      "requires": {
        "@rollup/plugin-replace": "^5.0.1",
        "dotenv": "^16.0.3"
      }
    },
    "rollup-plugin-inject-process-env": {
      "version": "1.3.1",
      "resolved": "https://registry.npmjs.org/rollup-plugin-inject-process-env/-/rollup-plugin-inject-process-env-1.3.1.tgz",
      "integrity": "sha512-kKDoL30IZr0wxbNVJjq+OS92RJSKRbKV6B5eNW4q3mZTFqoWDh6lHy+mPDYuuGuERFNKXkG+AKxvYqC9+DRpKQ==",
      "dev": true,
      "requires": {
        "magic-string": "^0.25.7"
      },
      "dependencies": {
        "magic-string": {
          "version": "0.25.9",
          "resolved": "https://registry.npmjs.org/magic-string/-/magic-string-0.25.9.tgz",
          "integrity": "sha512-RmF0AsMzgt25qzqqLc1+MbHmhdx0ojF2Fvs4XnOqz2ZOBXzzkEwc/dJQZCYHAn7v1jbVOjAZfK8msRn4BxO4VQ==",
          "dev": true,
          "requires": {
            "sourcemap-codec": "^1.4.8"
          }
        }
      }
    },
    "sourcemap-codec": {
      "version": "1.4.8",
      "resolved": "https://registry.npmjs.org/sourcemap-codec/-/sourcemap-codec-1.4.8.tgz",
      "integrity": "sha512-9NykojV5Uih4lgo5So5dtw+f0JgJX30KCNI8gwhz2J9A15wD0Ml6tjHKwf6fTSa6fAdVBdZeNOs9eJ71qCk8vA==",
      "dev": true
    }
  }
}
