{
  "name": "spa-project",
  "version": "0.0.0",
  "lockfileVersion": 1,
  "requires": true,
  "dependencies": {
    "clonedeep-h": {
      "version": "1.0.0",
      "resolved": "https://registry.npmjs.org/clonedeep-h/-/clonedeep-h-1.0.0.tgz",
      "integrity": "sha512-aH3X8iq7JZD04cIt4aKmiTYeLT/or/rEnUEcQie8cUwkW91QesEIPxOe1Nn7KOU5tm/5BEY//I2kNWxPLLgPPQ=="
    },
    "component-h": {
      "version": "1.0.0",
      "resolved": "https://registry.npmjs.org/component-h/-/component-h-1.0.0.tgz",
      "integrity": "sha512-OlFiJs+m7S5GVLNousN6XyB+KZWgfSen4Delqw9IXccIM91X2IfbwOiOFh6F3m2zWojTn+DFQ0CV0GIlrdffiA==",
      "requires": {
        "router-h": "^1.0.0"
      }
    },
    "router-h": {
      "version": "1.0.1",
      "resolved": "https://registry.npmjs.org/router-h/-/router-h-1.0.1.tgz",
      "integrity": "sha512-Ic64o3y+qwr/SSpkMT91buV5plZZoikwdzX43EHkV22rAxDZYmuDqm95r4Y5J0uDXq9jNtTOWEOxRH6jk0KV2w=="
    }
  }
}
